
Microsoft Visual Studio Solution File, Format Version 10.00
# Visual Studio 2008
Project("{FAE04EC0-301F-11D3-BF4B-00C04F79EFBC}") = "1000Pass", "1000Pass.csproj", "{D394D028-FDC5-4222-9CCE-2AE61FF351C5}"
EndProject
Global
	GlobalSection(SolutionConfigurationPlatforms) = preSolution
		Debug|Any CPU = Debug|Any CPU
		Release|Any CPU = Release|Any CPU
	EndGlobalSection
	GlobalSection(ProjectConfigurationPlatforms) = postSolution
		{D394D028-FDC5-4222-9CCE-2AE61FF351C5}.Debug|Any CPU.ActiveCfg = Debug|Any CPU
		{D394D028-FDC5-4222-9CCE-2AE61FF351C5}.Debug|Any CPU.Build.0 = Debug|Any CPU
		{D394D028-FDC5-4222-9CCE-2AE61FF351C5}.Release|Any CPU.ActiveCfg = Release|Any CPU
		{D394D028-FDC5-4222-9CCE-2AE61FF351C5}.Release|Any CPU.Build.0 = Release|Any CPU
	EndGlobalSection
	GlobalSection(SolutionProperties) = preSolution
		HideSolutionNode = FALSE
	EndGlobalSection
EndGlobal
